
Microsoft Visual Studio Solution File, Format Version 12.00
# Visual Studio Version 17
VisualStudioVersion = 17.13.35931.197
MinimumVisualStudioVersion = 10.0.40219.1
Project("{FAE04EC0-301F-11D3-BF4B-00C04F79EFBC}") = "ServerChat", "ServerChat\ServerChat.csproj", "{1D40C067-AE73-4FD7-8C21-57C9750D9D64}"
EndProject
Project("{FAE04EC0-301F-11D3-BF4B-00C04F79EFBC}") = "ClientChat", "ClientChat\ClientChat.csproj", "{94301A7B-9AD0-4564-9FF7-3AB3346E4FF1}"
EndProject
Project("{FAE04EC0-301F-11D3-BF4B-00C04F79EFBC}") = "ClientChat_2", "ClientChat_2\ClientChat_2.csproj", "{90A31E28-C978-450F-935C-C3298DAA524D}"
EndProject
Global
	GlobalSection(SolutionConfigurationPlatforms) = preSolution
		Debug|Any CPU = Debug|Any CPU
		Release|Any CPU = Release|Any CPU
	EndGlobalSection
	GlobalSection(ProjectConfigurationPlatforms) = postSolution
		{1D40C067-AE73-4FD7-8C21-57C9750D9D64}.Debug|Any CPU.ActiveCfg = Debug|Any CPU
		{1D40C067-AE73-4FD7-8C21-57C9750D9D64}.Debug|Any CPU.Build.0 = Debug|Any CPU
		{1D40C067-AE73-4FD7-8C21-57C9750D9D64}.Release|Any CPU.ActiveCfg = Release|Any CPU
		{1D40C067-AE73-4FD7-8C21-57C9750D9D64}.Release|Any CPU.Build.0 = Release|Any CPU
		{94301A7B-9AD0-4564-9FF7-3AB3346E4FF1}.Debug|Any CPU.ActiveCfg = Debug|Any CPU
		{94301A7B-9AD0-4564-9FF7-3AB3346E4FF1}.Debug|Any CPU.Build.0 = Debug|Any CPU
		{94301A7B-9AD0-4564-9FF7-3AB3346E4FF1}.Release|Any CPU.ActiveCfg = Release|Any CPU
		{94301A7B-9AD0-4564-9FF7-3AB3346E4FF1}.Release|Any CPU.Build.0 = Release|Any CPU
		{90A31E28-C978-450F-935C-C3298DAA524D}.Debug|Any CPU.ActiveCfg = Debug|Any CPU
		{90A31E28-C978-450F-935C-C3298DAA524D}.Debug|Any CPU.Build.0 = Debug|Any CPU
		{90A31E28-C978-450F-935C-C3298DAA524D}.Release|Any CPU.ActiveCfg = Release|Any CPU
		{90A31E28-C978-450F-935C-C3298DAA524D}.Release|Any CPU.Build.0 = Release|Any CPU
	EndGlobalSection
	GlobalSection(SolutionProperties) = preSolution
		HideSolutionNode = FALSE
	EndGlobalSection
	GlobalSection(ExtensibilityGlobals) = postSolution
		SolutionGuid = {505BC009-0221-475E-AE8F-7F468688D698}
	EndGlobalSection
EndGlobal
